
Microsoft Visual Studio Solution File, Format Version 12.00
# Visual Studio Version 16
VisualStudioVersion = 16.0.30717.126
MinimumVisualStudioVersion = 10.0.40219.1
Project("{8BC9CEB8-8B4A-11D0-8D11-00A0C91BC942}") = "OpenCLTutorial", "OpenCLTutorial.vcxproj", "{146F0B30-7A3A-483C-9BA4-2BD115E25EE3}"
EndProject
Global
	GlobalSection(SolutionConfigurationPlatforms) = preSolution
		Debug|x64 = Debug|x64
		Debug|x86 = Debug|x86
		Release|x64 = Release|x64
		Release|x86 = Release|x86
	EndGlobalSection
	GlobalSection(ProjectConfigurationPlatforms) = postSolution
		{146F0B30-7A3A-483C-9BA4-2BD115E25EE3}.Debug|x64.ActiveCfg = Debug|x64
		{146F0B30-7A3A-483C-9BA4-2BD115E25EE3}.Debug|x64.Build.0 = Debug|x64
		{146F0B30-7A3A-483C-9BA4-2BD115E25EE3}.Debug|x86.ActiveCfg = Debug|Win32
		{146F0B30-7A3A-483C-9BA4-2BD115E25EE3}.Debug|x86.Build.0 = Debug|Win32
		{146F0B30-7A3A-483C-9BA4-2BD115E25EE3}.Release|x64.ActiveCfg = Release|x64
		{146F0B30-7A3A-483C-9BA4-2BD115E25EE3}.Release|x64.Build.0 = Release|x64
		{146F0B30-7A3A-483C-9BA4-2BD115E25EE3}.Release|x86.ActiveCfg = Release|Win32
		{146F0B30-7A3A-483C-9BA4-2BD115E25EE3}.Release|x86.Build.0 = Release|Win32
	EndGlobalSection
	GlobalSection(SolutionProperties) = preSolution
		HideSolutionNode = FALSE
	EndGlobalSection
	GlobalSection(ExtensibilityGlobals) = postSolution
		SolutionGuid = {27A9D59C-22DA-49AA-8AFB-BDBCEAF01F73}
	EndGlobalSection
EndGlobal
